
Microsoft Visual Studio Solution File, Format Version 12.00
# Visual Studio Version 17
VisualStudioVersion = 17.5.33530.505
MinimumVisualStudioVersion = 10.0.40219.1
Project("{FAE04EC0-301F-11D3-BF4B-00C04F79EFBC}") = "RazorPagesMovie", "RazorPagesMovie\RazorPagesMovie.csproj", "{31389438-A232-429D-BB43-7BABDD551E65}"
EndProject
Global
	GlobalSection(SolutionConfigurationPlatforms) = preSolution
		Debug|Any CPU = Debug|Any CPU
		Release|Any CPU = Release|Any CPU
	EndGlobalSection
	GlobalSection(ProjectConfigurationPlatforms) = postSolution
		{31389438-A232-429D-BB43-7BABDD551E65}.Debug|Any CPU.ActiveCfg = Debug|Any CPU
		{31389438-A232-429D-BB43-7BABDD551E65}.Debug|Any CPU.Build.0 = Debug|Any CPU
		{31389438-A232-429D-BB43-7BABDD551E65}.Release|Any CPU.ActiveCfg = Release|Any CPU
		{31389438-A232-429D-BB43-7BABDD551E65}.Release|Any CPU.Build.0 = Release|Any CPU
	EndGlobalSection
	GlobalSection(SolutionProperties) = preSolution
		HideSolutionNode = FALSE
	EndGlobalSection
	GlobalSection(ExtensibilityGlobals) = postSolution
		SolutionGuid = {6B5C4888-C650-41CC-B47D-DEC649A16EA2}
	EndGlobalSection
EndGlobal
